
Microsoft Visual Studio Solution File, Format Version 12.00
# Visual Studio Version 16
VisualStudioVersion = 16.0.31702.278
MinimumVisualStudioVersion = 10.0.40219.1
Project("{FAE04EC0-301F-11D3-BF4B-00C04F79EFBC}") = "ConsoleApp2", "ConsoleApp2\ConsoleApp2.csproj", "{AFD537DA-3440-4CED-AAD6-D6AF2AEBE947}"
EndProject
Global
	GlobalSection(SolutionConfigurationPlatforms) = preSolution
		Debug|Any CPU = Debug|Any CPU
		Release|Any CPU = Release|Any CPU
	EndGlobalSection
	GlobalSection(ProjectConfigurationPlatforms) = postSolution
		{AFD537DA-3440-4CED-AAD6-D6AF2AEBE947}.Debug|Any CPU.ActiveCfg = Debug|Any CPU
		{AFD537DA-3440-4CED-AAD6-D6AF2AEBE947}.Debug|Any CPU.Build.0 = Debug|Any CPU
		{AFD537DA-3440-4CED-AAD6-D6AF2AEBE947}.Release|Any CPU.ActiveCfg = Release|Any CPU
		{AFD537DA-3440-4CED-AAD6-D6AF2AEBE947}.Release|Any CPU.Build.0 = Release|Any CPU
	EndGlobalSection
	GlobalSection(SolutionProperties) = preSolution
		HideSolutionNode = FALSE
	EndGlobalSection
	GlobalSection(ExtensibilityGlobals) = postSolution
		SolutionGuid = {E2422521-5D57-4F32-8953-D547D7427C69}
	EndGlobalSection
EndGlobal
